
Microsoft Visual Studio Solution File, Format Version 12.00
# Visual Studio Version 16
VisualStudioVersion = 16.0.30114.105
MinimumVisualStudioVersion = 10.0.40219.1
Project("{FAE04EC0-301F-11D3-BF4B-00C04F79EFBC}") = "Send", "Send\Send.csproj", "{FEC386FD-618A-400D-BA0E-51CA8BAECBB7}"
EndProject
Project("{FAE04EC0-301F-11D3-BF4B-00C04F79EFBC}") = "Receive", "Receive\Receive.csproj", "{174E0C1C-6546-4966-90EA-3DC1E5A80AB4}"
EndProject
Global
	GlobalSection(SolutionConfigurationPlatforms) = preSolution
		Debug|Any CPU = Debug|Any CPU
		Debug|x64 = Debug|x64
		Debug|x86 = Debug|x86
		Release|Any CPU = Release|Any CPU
		Release|x64 = Release|x64
		Release|x86 = Release|x86
	EndGlobalSection
	GlobalSection(SolutionProperties) = preSolution
		HideSolutionNode = FALSE
	EndGlobalSection
	GlobalSection(ProjectConfigurationPlatforms) = postSolution
		{FEC386FD-618A-400D-BA0E-51CA8BAECBB7}.Debug|Any CPU.ActiveCfg = Debug|Any CPU
		{FEC386FD-618A-400D-BA0E-51CA8BAECBB7}.Debug|Any CPU.Build.0 = Debug|Any CPU
		{FEC386FD-618A-400D-BA0E-51CA8BAECBB7}.Debug|x64.ActiveCfg = Debug|Any CPU
		{FEC386FD-618A-400D-BA0E-51CA8BAECBB7}.Debug|x64.Build.0 = Debug|Any CPU
		{FEC386FD-618A-400D-BA0E-51CA8BAECBB7}.Debug|x86.ActiveCfg = Debug|Any CPU
		{FEC386FD-618A-400D-BA0E-51CA8BAECBB7}.Debug|x86.Build.0 = Debug|Any CPU
		{FEC386FD-618A-400D-BA0E-51CA8BAECBB7}.Release|Any CPU.ActiveCfg = Release|Any CPU
		{FEC386FD-618A-400D-BA0E-51CA8BAECBB7}.Release|Any CPU.Build.0 = Release|Any CPU
		{FEC386FD-618A-400D-BA0E-51CA8BAECBB7}.Release|x64.ActiveCfg = Release|Any CPU
		{FEC386FD-618A-400D-BA0E-51CA8BAECBB7}.Release|x64.Build.0 = Release|Any CPU
		{FEC386FD-618A-400D-BA0E-51CA8BAECBB7}.Release|x86.ActiveCfg = Release|Any CPU
		{FEC386FD-618A-400D-BA0E-51CA8BAECBB7}.Release|x86.Build.0 = Release|Any CPU
		{174E0C1C-6546-4966-90EA-3DC1E5A80AB4}.Debug|Any CPU.ActiveCfg = Debug|Any CPU
		{174E0C1C-6546-4966-90EA-3DC1E5A80AB4}.Debug|Any CPU.Build.0 = Debug|Any CPU
		{174E0C1C-6546-4966-90EA-3DC1E5A80AB4}.Debug|x64.ActiveCfg = Debug|Any CPU
		{174E0C1C-6546-4966-90EA-3DC1E5A80AB4}.Debug|x64.Build.0 = Debug|Any CPU
		{174E0C1C-6546-4966-90EA-3DC1E5A80AB4}.Debug|x86.ActiveCfg = Debug|Any CPU
		{174E0C1C-6546-4966-90EA-3DC1E5A80AB4}.Debug|x86.Build.0 = Debug|Any CPU
		{174E0C1C-6546-4966-90EA-3DC1E5A80AB4}.Release|Any CPU.ActiveCfg = Release|Any CPU
		{174E0C1C-6546-4966-90EA-3DC1E5A80AB4}.Release|Any CPU.Build.0 = Release|Any CPU
		{174E0C1C-6546-4966-90EA-3DC1E5A80AB4}.Release|x64.ActiveCfg = Release|Any CPU
		{174E0C1C-6546-4966-90EA-3DC1E5A80AB4}.Release|x64.Build.0 = Release|Any CPU
		{174E0C1C-6546-4966-90EA-3DC1E5A80AB4}.Release|x86.ActiveCfg = Release|Any CPU
		{174E0C1C-6546-4966-90EA-3DC1E5A80AB4}.Release|x86.Build.0 = Release|Any CPU
	EndGlobalSection
EndGlobal
